
Microsoft Visual Studio Solution File, Format Version 12.00
# Visual Studio Version 17
VisualStudioVersion = 17.4.33122.133
MinimumVisualStudioVersion = 10.0.40219.1
Project("{FAE04EC0-301F-11D3-BF4B-00C04F79EFBC}") = "Exercicio4", "Exercicio4\Exercicio4.csproj", "{BE0D5F5B-8696-4981-A7A4-9BF8136971EA}"
EndProject
Global
	GlobalSection(SolutionConfigurationPlatforms) = preSolution
		Debug|Any CPU = Debug|Any CPU
		Release|Any CPU = Release|Any CPU
	EndGlobalSection
	GlobalSection(ProjectConfigurationPlatforms) = postSolution
		{BE0D5F5B-8696-4981-A7A4-9BF8136971EA}.Debug|Any CPU.ActiveCfg = Debug|Any CPU
		{BE0D5F5B-8696-4981-A7A4-9BF8136971EA}.Debug|Any CPU.Build.0 = Debug|Any CPU
		{BE0D5F5B-8696-4981-A7A4-9BF8136971EA}.Release|Any CPU.ActiveCfg = Release|Any CPU
		{BE0D5F5B-8696-4981-A7A4-9BF8136971EA}.Release|Any CPU.Build.0 = Release|Any CPU
	EndGlobalSection
	GlobalSection(SolutionProperties) = preSolution
		HideSolutionNode = FALSE
	EndGlobalSection
	GlobalSection(ExtensibilityGlobals) = postSolution
		SolutionGuid = {54CFFCD2-154D-4C4B-8F8A-A0C6C2F53EA1}
	EndGlobalSection
EndGlobal
